
Microsoft Visual Studio Solution File, Format Version 12.00
# Visual Studio Version 16
VisualStudioVersion = 16.0.33529.622
MinimumVisualStudioVersion = 10.0.40219.1
Project("{FAE04EC0-301F-11D3-BF4B-00C04F79EFBC}") = "IterationAssignment", "IterationAssignment\IterationAssignment.csproj", "{5AEB1B96-1509-48DD-91F4-156B65D7372F}"
EndProject
Global
	GlobalSection(SolutionConfigurationPlatforms) = preSolution
		Debug|Any CPU = Debug|Any CPU
		Release|Any CPU = Release|Any CPU
	EndGlobalSection
	GlobalSection(ProjectConfigurationPlatforms) = postSolution
		{5AEB1B96-1509-48DD-91F4-156B65D7372F}.Debug|Any CPU.ActiveCfg = Debug|Any CPU
		{5AEB1B96-1509-48DD-91F4-156B65D7372F}.Debug|Any CPU.Build.0 = Debug|Any CPU
		{5AEB1B96-1509-48DD-91F4-156B65D7372F}.Release|Any CPU.ActiveCfg = Release|Any CPU
		{5AEB1B96-1509-48DD-91F4-156B65D7372F}.Release|Any CPU.Build.0 = Release|Any CPU
	EndGlobalSection
	GlobalSection(SolutionProperties) = preSolution
		HideSolutionNode = FALSE
	EndGlobalSection
	GlobalSection(ExtensibilityGlobals) = postSolution
		SolutionGuid = {E80A6889-AFC8-48CD-A49B-0F1D03349EA5}
	EndGlobalSection
EndGlobal
