
Microsoft Visual Studio Solution File, Format Version 12.00
# Visual Studio Version 16
VisualStudioVersion = 16.0.33529.622
MinimumVisualStudioVersion = 10.0.40219.1
Project("{FAE04EC0-301F-11D3-BF4B-00C04F79EFBC}") = "CarInsurance", "CarInsurance\CarInsurance.csproj", "{C164E3A7-FDFC-4ADE-80DA-635A6F348B42}"
EndProject
Global
	GlobalSection(SolutionConfigurationPlatforms) = preSolution
		Debug|Any CPU = Debug|Any CPU
		Release|Any CPU = Release|Any CPU
	EndGlobalSection
	GlobalSection(ProjectConfigurationPlatforms) = postSolution
		{C164E3A7-FDFC-4ADE-80DA-635A6F348B42}.Debug|Any CPU.ActiveCfg = Debug|Any CPU
		{C164E3A7-FDFC-4ADE-80DA-635A6F348B42}.Debug|Any CPU.Build.0 = Debug|Any CPU
		{C164E3A7-FDFC-4ADE-80DA-635A6F348B42}.Release|Any CPU.ActiveCfg = Release|Any CPU
		{C164E3A7-FDFC-4ADE-80DA-635A6F348B42}.Release|Any CPU.Build.0 = Release|Any CPU
	EndGlobalSection
	GlobalSection(SolutionProperties) = preSolution
		HideSolutionNode = FALSE
	EndGlobalSection
	GlobalSection(ExtensibilityGlobals) = postSolution
		SolutionGuid = {F55CED2A-90D7-42AF-A875-C8A8597832EA}
	EndGlobalSection
EndGlobal
