
Microsoft Visual Studio Solution File, Format Version 12.00
# Visual Studio Version 16
VisualStudioVersion = 16.0.33529.622
MinimumVisualStudioVersion = 10.0.40219.1
Project("{FAE04EC0-301F-11D3-BF4B-00C04F79EFBC}") = "Calling Methods Assignment", "Calling Methods Assignment\Calling Methods Assignment.csproj", "{38D5432F-6EC2-401D-8CA4-341CBC8F3535}"
EndProject
Global
	GlobalSection(SolutionConfigurationPlatforms) = preSolution
		Debug|Any CPU = Debug|Any CPU
		Release|Any CPU = Release|Any CPU
	EndGlobalSection
	GlobalSection(ProjectConfigurationPlatforms) = postSolution
		{38D5432F-6EC2-401D-8CA4-341CBC8F3535}.Debug|Any CPU.ActiveCfg = Debug|Any CPU
		{38D5432F-6EC2-401D-8CA4-341CBC8F3535}.Debug|Any CPU.Build.0 = Debug|Any CPU
		{38D5432F-6EC2-401D-8CA4-341CBC8F3535}.Release|Any CPU.ActiveCfg = Release|Any CPU
		{38D5432F-6EC2-401D-8CA4-341CBC8F3535}.Release|Any CPU.Build.0 = Release|Any CPU
	EndGlobalSection
	GlobalSection(SolutionProperties) = preSolution
		HideSolutionNode = FALSE
	EndGlobalSection
	GlobalSection(ExtensibilityGlobals) = postSolution
		SolutionGuid = {C415422F-CD8F-427B-BAA3-4E240A370189}
	EndGlobalSection
EndGlobal
